
Microsoft Visual Studio Solution File, Format Version 12.00
# Visual Studio Version 17
VisualStudioVersion = 17.7.34018.315
MinimumVisualStudioVersion = 10.0.40219.1
Project("{FAE04EC0-301F-11D3-BF4B-00C04F79EFBC}") = "GenericsExercise", "GenericsExercise.csproj", "{6AA09BDB-EBAC-4D13-8438-FCD72CA9B521}"
EndProject
Global
	GlobalSection(SolutionConfigurationPlatforms) = preSolution
		Debug|Any CPU = Debug|Any CPU
		Release|Any CPU = Release|Any CPU
	EndGlobalSection
	GlobalSection(ProjectConfigurationPlatforms) = postSolution
		{6AA09BDB-EBAC-4D13-8438-FCD72CA9B521}.Debug|Any CPU.ActiveCfg = Debug|Any CPU
		{6AA09BDB-EBAC-4D13-8438-FCD72CA9B521}.Debug|Any CPU.Build.0 = Debug|Any CPU
		{6AA09BDB-EBAC-4D13-8438-FCD72CA9B521}.Release|Any CPU.ActiveCfg = Release|Any CPU
		{6AA09BDB-EBAC-4D13-8438-FCD72CA9B521}.Release|Any CPU.Build.0 = Release|Any CPU
	EndGlobalSection
	GlobalSection(SolutionProperties) = preSolution
		HideSolutionNode = FALSE
	EndGlobalSection
	GlobalSection(ExtensibilityGlobals) = postSolution
		SolutionGuid = {B1F60E5C-0928-4077-B6B6-00FFF630E908}
	EndGlobalSection
EndGlobal
